{
  "version": 4,
  "terraform_version": "1.2.9",
  "serial": 13,
  "lineage": "1f6cbf39-b0fe-dd3d-c5a4-23d9868f8c00",
  "outputs": {
    "cluster_endpoint": {
      "value": "https://2DB77A9ABB924838C04AE2867EF34EC3.gr7.us-west-2.eks.amazonaws.com",
      "type": "string"
    },
    "cluster_name": {
      "value": "my_eks_cluster",
      "type": "string"
    },
    "subnet_ids": {
      "value": [
        "subnet-0688f5728f558dc98",
        "subnet-00d6cc03f933c557a"
      ],
      "type": [
        "tuple",
        [
          "string",
          "string"
        ]
      ]
    },
    "subnets": {
      "value": [
        "subnet-0688f5728f558dc98",
        "subnet-00d6cc03f933c557a"
      ],
      "type": [
        "tuple",
        [
          "string",
          "string"
        ]
      ]
    },
    "vpc_id": {
      "value": "vpc-0613a06765da9e83d",
      "type": "string"
    }
  },
  "resources": [
    {
      "mode": "managed",
      "type": "aws_eks_cluster",
      "name": "my_eks_cluster",
      "provider": "provider[\"registry.terraform.io/hashicorp/aws\"]",
      "instances": [
        {
          "schema_version": 1,
          "attributes": {
            "access_config": [
              {
                "authentication_mode": "CONFIG_MAP",
                "bootstrap_cluster_creator_admin_permissions": true
              }
            ],
            "arn": "arn:aws:eks:us-west-2:025066287072:cluster/my_eks_cluster",
            "bootstrap_self_managed_addons": true,
            "certificate_authority": [
              {
                "data": "LS0tLS1CRUdJTiBDRVJUSUZJQ0FURS0tLS0tCk1JSURCVENDQWUyZ0F3SUJBZ0lJYVhOUHFBNHp6TEF3RFFZSktvWklodmNOQVFFTEJRQXdGVEVUTUJFR0ExVUUKQXhNS2EzVmlaWEp1WlhSbGN6QWVGdzB5TkRFeU1Ea3hOVFU0TVRKYUZ3MHpOREV5TURjeE5qQXpNVEphTUJVeApFekFSQmdOVkJBTVRDbXQxWW1WeWJtVjBaWE13Z2dFaU1BMEdDU3FHU0liM0RRRUJBUVVBQTRJQkR3QXdnZ0VLCkFvSUJBUURkNFRPaHFSNjY4eUdhcEtyNDBsbTMwbWdMWmhxUkxJOWI0bkRvR3lTajl0a0VGZGQwQVRHaGRBYW4KbUlEbGRDNjBsNG1pdUJJcCtvYkpCbGFLbUpWaW9QaWpPR2N3dk1mbDF2RDB2cWtXWmtlZU1qMWkzUDVEUWVzdAowN04rUE40VElPNC9KOFFBWEx4TlZWTHJrdDh4OUVxaDFvN0tYUWFnYWRWU3JCU2M2VXdoNHFHMXR4czdoY2U0CnNZZjlqM0lsR2U1cmlGOFdGbEZZVEU2R3UrUjgxaGJzTkVZVG95cUM0SkMwTDE4NWZIdmF6Ni93aVRGYlJDMUcKazQvdXVnb2VSUVo5TWtLWG5PMm5zbkRQUGsrWTlhZit5Y3V6U1kwbDVJb1dHUVA2V1o1Z1dnYWVHOFhIaCs0RAoyZGpZTURYM09tVzdxZzJLc09IWEpnWGJDSlByQWdNQkFBR2pXVEJYTUE0R0ExVWREd0VCL3dRRUF3SUNwREFQCkJnTlZIUk1CQWY4RUJUQURBUUgvTUIwR0ExVWREZ1FXQkJRenJNWDVibUZHVDRmT29VTHY0WUkrUy9Wb0lqQVYKQmdOVkhSRUVEakFNZ2dwcmRXSmxjbTVsZEdWek1BMEdDU3FHU0liM0RRRUJDd1VBQTRJQkFRQ0F4b1NGcXFSVQpBQTRrWTd3N2RlcGN6b1ppNS9YcVNSNEFSbGU0VGVuRTBCOTg5RUEwc2l1YWw5K0NTSkpFM1JVeXovNnAyNjJZCis4cFNnaXlHamRLVEdJU3lNN3RWSG8vS0tib1gvVFJtRWJRZ1ZGbjR2amROZlVHOHFyOWZ2NzBDNWcxMENPNlMKSytQWWNuSjd0bEgwcHZmd21KdlVFNEpzS2pka2x4WkVTaVNYZDR3VW5YQVEwYmpEMGFEWkpiUkEvbDM0WTU1Ngo2cStsNkZHTzNzWURJZDVSYk1yWElFZ0tQblZENVMzOHZRY2FQeVBZamY2eFdyaStsQjg3dTAzUS8vem13alpKCkE3OWRhZGxKNEl1NEhkalNpbE5COCtBU0VpWldlZnNrMG1Hb3NIaXc5QWYxWTkwY2FHQ0JNNHpkNkNpUlVhbnoKa2Z0d3ByTStsMDA4Ci0tLS0tRU5EIENFUlRJRklDQVRFLS0tLS0K"
              }
            ],
            "cluster_id": null,
            "created_at": "2024-12-09T15:58:07Z",
            "enabled_cluster_log_types": [],
            "encryption_config": [],
            "endpoint": "https://2DB77A9ABB924838C04AE2867EF34EC3.gr7.us-west-2.eks.amazonaws.com",
            "id": "my_eks_cluster",
            "identity": [
              {
                "oidc": [
                  {
                    "issuer": "https://oidc.eks.us-west-2.amazonaws.com/id/2DB77A9ABB924838C04AE2867EF34EC3"
                  }
                ]
              }
            ],
            "kubernetes_network_config": [
              {
                "ip_family": "ipv4",
                "service_ipv4_cidr": "172.20.0.0/16",
                "service_ipv6_cidr": ""
              }
            ],
            "name": "my_eks_cluster",
            "outpost_config": [],
            "platform_version": "eks.35",
            "role_arn": "arn:aws:iam::025066287072:role/MyEKSRole",
            "status": "ACTIVE",
            "tags": {},
            "tags_all": {},
            "timeouts": null,
            "upgrade_policy": [
              {
                "support_type": "EXTENDED"
              }
            ],
            "version": "1.25",
            "vpc_config": [
              {
                "cluster_security_group_id": "sg-070535297d17a8bfc",
                "endpoint_private_access": false,
                "endpoint_public_access": true,
                "public_access_cidrs": [
                  "0.0.0.0/0"
                ],
                "security_group_ids": [],
                "subnet_ids": [
                  "subnet-00d6cc03f933c557a",
                  "subnet-0688f5728f558dc98"
                ],
                "vpc_id": "vpc-0613a06765da9e83d"
              }
            ],
            "zonal_shift_config": []
          },
          "sensitive_attributes": [],
          "private": "eyJlMmJmYjczMC1lY2FhLTExZTYtOGY4OC0zNDM2M2JjN2M0YzAiOnsiY3JlYXRlIjoxODAwMDAwMDAwMDAwLCJkZWxldGUiOjkwMDAwMDAwMDAwMCwidXBkYXRlIjozNjAwMDAwMDAwMDAwfSwic2NoZW1hX3ZlcnNpb24iOiIxIn0="
        }
      ]
    },
    {
      "mode": "managed",
      "type": "aws_eks_node_group",
      "name": "eks_nodes",
      "provider": "provider[\"registry.terraform.io/hashicorp/aws\"]",
      "instances": [
        {
          "status": "tainted",
          "schema_version": 0,
          "attributes": {
            "ami_type": null,
            "arn": null,
            "capacity_type": null,
            "cluster_name": "my_eks_cluster",
            "disk_size": null,
            "force_update_version": null,
            "id": "my_eks_cluster:eks-node-group",
            "instance_types": [
              "t3.medium"
            ],
            "labels": null,
            "launch_template": [],
            "node_group_name": "eks-node-group",
            "node_group_name_prefix": null,
            "node_role_arn": "arn:aws:iam::025066287072:role/EKSNodeGroupRole",
            "release_version": null,
            "remote_access": [],
            "resources": null,
            "scaling_config": [
              {
                "desired_size": 2,
                "max_size": 2,
                "min_size": 2
              }
            ],
            "status": null,
            "subnet_ids": [
              "subnet-00d6cc03f933c557a",
              "subnet-0688f5728f558dc98"
            ],
            "tags": {
              "Name": "eks-node-group"
            },
            "tags_all": {
              "Name": "eks-node-group"
            },
            "taint": [],
            "timeouts": null,
            "update_config": null,
            "version": null
          },
          "sensitive_attributes": [],
          "private": "eyJlMmJmYjczMC1lY2FhLTExZTYtOGY4OC0zNDM2M2JjN2M0YzAiOnsiY3JlYXRlIjozNjAwMDAwMDAwMDAwLCJkZWxldGUiOjM2MDAwMDAwMDAwMDAsInVwZGF0ZSI6MzYwMDAwMDAwMDAwMH19",
          "dependencies": [
            "aws_eks_cluster.my_eks_cluster"
          ]
        }
      ]
    },
    {
      "mode": "managed",
      "type": "aws_subnet",
      "name": "subnet1",
      "provider": "provider[\"registry.terraform.io/hashicorp/aws\"]",
      "instances": [
        {
          "schema_version": 1,
          "attributes": {
            "arn": "arn:aws:ec2:us-west-2:025066287072:subnet/subnet-0688f5728f558dc98",
            "assign_ipv6_address_on_creation": false,
            "availability_zone": "us-west-2a",
            "availability_zone_id": "usw2-az1",
            "cidr_block": "10.0.1.0/24",
            "customer_owned_ipv4_pool": "",
            "enable_dns64": false,
            "enable_lni_at_device_index": 0,
            "enable_resource_name_dns_a_record_on_launch": false,
            "enable_resource_name_dns_aaaa_record_on_launch": false,
            "id": "subnet-0688f5728f558dc98",
            "ipv6_cidr_block": "",
            "ipv6_cidr_block_association_id": "",
            "ipv6_native": false,
            "map_customer_owned_ip_on_launch": false,
            "map_public_ip_on_launch": false,
            "outpost_arn": "",
            "owner_id": "025066287072",
            "private_dns_hostname_type_on_launch": "ip-name",
            "tags": {},
            "tags_all": {},
            "timeouts": null,
            "vpc_id": "vpc-0613a06765da9e83d"
          },
          "sensitive_attributes": [],
          "private": "eyJlMmJmYjczMC1lY2FhLTExZTYtOGY4OC0zNDM2M2JjN2M0YzAiOnsiY3JlYXRlIjo2MDAwMDAwMDAwMDAsImRlbGV0ZSI6MTIwMDAwMDAwMDAwMH0sInNjaGVtYV92ZXJzaW9uIjoiMSJ9"
        }
      ]
    },
    {
      "mode": "managed",
      "type": "aws_subnet",
      "name": "subnet2",
      "provider": "provider[\"registry.terraform.io/hashicorp/aws\"]",
      "instances": [
        {
          "schema_version": 1,
          "attributes": {
            "arn": "arn:aws:ec2:us-west-2:025066287072:subnet/subnet-00d6cc03f933c557a",
            "assign_ipv6_address_on_creation": false,
            "availability_zone": "us-west-2b",
            "availability_zone_id": "usw2-az2",
            "cidr_block": "10.0.2.0/24",
            "customer_owned_ipv4_pool": "",
            "enable_dns64": false,
            "enable_lni_at_device_index": 0,
            "enable_resource_name_dns_a_record_on_launch": false,
            "enable_resource_name_dns_aaaa_record_on_launch": false,
            "id": "subnet-00d6cc03f933c557a",
            "ipv6_cidr_block": "",
            "ipv6_cidr_block_association_id": "",
            "ipv6_native": false,
            "map_customer_owned_ip_on_launch": false,
            "map_public_ip_on_launch": false,
            "outpost_arn": "",
            "owner_id": "025066287072",
            "private_dns_hostname_type_on_launch": "ip-name",
            "tags": {},
            "tags_all": {},
            "timeouts": null,
            "vpc_id": "vpc-0613a06765da9e83d"
          },
          "sensitive_attributes": [],
          "private": "eyJlMmJmYjczMC1lY2FhLTExZTYtOGY4OC0zNDM2M2JjN2M0YzAiOnsiY3JlYXRlIjo2MDAwMDAwMDAwMDAsImRlbGV0ZSI6MTIwMDAwMDAwMDAwMH0sInNjaGVtYV92ZXJzaW9uIjoiMSJ9"
        }
      ]
    }
  ]
}
