{
  "version": 4,
  "terraform_version": "1.2.9",
  "serial": 40,
  "lineage": "1f6cbf39-b0fe-dd3d-c5a4-23d9868f8c00",
  "outputs": {
    "cluster_endpoint": {
      "value": "https://6C5E34BE5E01A44F3D8B89B7C53702A3.gr7.us-west-2.eks.amazonaws.com",
      "type": "string"
    },
    "cluster_name": {
      "value": "my_eks_cluster",
      "type": "string"
    },
    "subnet_ids": {
      "value": [
        "subnet-0688f5728f558dc98",
        "subnet-00d6cc03f933c557a"
      ],
      "type": [
        "tuple",
        [
          "string",
          "string"
        ]
      ]
    },
    "subnets": {
      "value": [
        "subnet-0688f5728f558dc98",
        "subnet-00d6cc03f933c557a"
      ],
      "type": [
        "tuple",
        [
          "string",
          "string"
        ]
      ]
    },
    "vpc_id": {
      "value": "vpc-0613a06765da9e83d",
      "type": "string"
    }
  },
  "resources": [
    {
      "mode": "data",
      "type": "aws_subnet",
      "name": "subnet1",
      "provider": "provider[\"registry.terraform.io/hashicorp/aws\"]",
      "instances": [
        {
          "schema_version": 0,
          "attributes": {
            "arn": "arn:aws:ec2:us-west-2:025066287072:subnet/subnet-0688f5728f558dc98",
            "assign_ipv6_address_on_creation": false,
            "availability_zone": "us-west-2a",
            "availability_zone_id": "usw2-az1",
            "available_ip_address_count": 249,
            "cidr_block": "10.0.1.0/24",
            "customer_owned_ipv4_pool": "",
            "default_for_az": false,
            "enable_dns64": false,
            "enable_lni_at_device_index": 0,
            "enable_resource_name_dns_a_record_on_launch": false,
            "enable_resource_name_dns_aaaa_record_on_launch": false,
            "filter": null,
            "id": "subnet-0688f5728f558dc98",
            "ipv6_cidr_block": "",
            "ipv6_cidr_block_association_id": "",
            "ipv6_native": false,
            "map_customer_owned_ip_on_launch": false,
            "map_public_ip_on_launch": false,
            "outpost_arn": "",
            "owner_id": "025066287072",
            "private_dns_hostname_type_on_launch": "ip-name",
            "state": "available",
            "tags": {
              "kubernetes.io/role/internal-elb": "1"
            },
            "timeouts": null,
            "vpc_id": "vpc-0613a06765da9e83d"
          },
          "sensitive_attributes": []
        }
      ]
    },
    {
      "mode": "data",
      "type": "aws_subnet",
      "name": "subnet2",
      "provider": "provider[\"registry.terraform.io/hashicorp/aws\"]",
      "instances": [
        {
          "schema_version": 0,
          "attributes": {
            "arn": "arn:aws:ec2:us-west-2:025066287072:subnet/subnet-00d6cc03f933c557a",
            "assign_ipv6_address_on_creation": false,
            "availability_zone": "us-west-2b",
            "availability_zone_id": "usw2-az2",
            "available_ip_address_count": 250,
            "cidr_block": "10.0.2.0/24",
            "customer_owned_ipv4_pool": "",
            "default_for_az": false,
            "enable_dns64": false,
            "enable_lni_at_device_index": 0,
            "enable_resource_name_dns_a_record_on_launch": false,
            "enable_resource_name_dns_aaaa_record_on_launch": false,
            "filter": null,
            "id": "subnet-00d6cc03f933c557a",
            "ipv6_cidr_block": "",
            "ipv6_cidr_block_association_id": "",
            "ipv6_native": false,
            "map_customer_owned_ip_on_launch": false,
            "map_public_ip_on_launch": false,
            "outpost_arn": "",
            "owner_id": "025066287072",
            "private_dns_hostname_type_on_launch": "ip-name",
            "state": "available",
            "tags": {
              "kubernetes.io/role/internal-elb": "1"
            },
            "timeouts": null,
            "vpc_id": "vpc-0613a06765da9e83d"
          },
          "sensitive_attributes": []
        }
      ]
    },
    {
      "mode": "data",
      "type": "aws_vpc",
      "name": "psk_vpc",
      "provider": "provider[\"registry.terraform.io/hashicorp/aws\"]",
      "instances": [
        {
          "schema_version": 0,
          "attributes": {
            "arn": "arn:aws:ec2:us-west-2:025066287072:vpc/vpc-0613a06765da9e83d",
            "cidr_block": "10.0.0.0/16",
            "cidr_block_associations": [
              {
                "association_id": "vpc-cidr-assoc-090a23f7dd402b6aa",
                "cidr_block": "10.0.0.0/16",
                "state": "associated"
              }
            ],
            "default": false,
            "dhcp_options_id": "dopt-094e52564819d4b96",
            "enable_dns_hostnames": true,
            "enable_dns_support": true,
            "enable_network_address_usage_metrics": true,
            "filter": null,
            "id": "vpc-0613a06765da9e83d",
            "instance_tenancy": "default",
            "ipv6_association_id": "",
            "ipv6_cidr_block": "",
            "main_route_table_id": "rtb-0bac51b23a0d5866a",
            "owner_id": "025066287072",
            "state": null,
            "tags": {
              "Name": "psk_vpc"
            },
            "timeouts": null
          },
          "sensitive_attributes": []
        }
      ]
    },
    {
      "mode": "managed",
      "type": "aws_eks_cluster",
      "name": "my_eks_cluster",
      "provider": "provider[\"registry.terraform.io/hashicorp/aws\"]",
      "instances": [
        {
          "schema_version": 1,
          "attributes": {
            "access_config": [
              {
                "authentication_mode": "CONFIG_MAP",
                "bootstrap_cluster_creator_admin_permissions": true
              }
            ],
            "arn": "arn:aws:eks:us-west-2:025066287072:cluster/my_eks_cluster",
            "bootstrap_self_managed_addons": true,
            "certificate_authority": [
              {
                "data": "LS0tLS1CRUdJTiBDRVJUSUZJQ0FURS0tLS0tCk1JSURCVENDQWUyZ0F3SUJBZ0lJVGNyMEU1Ny83bWt3RFFZSktvWklodmNOQVFFTEJRQXdGVEVUTUJFR0ExVUUKQXhNS2EzVmlaWEp1WlhSbGN6QWVGdzB5TkRFeU1UWXhOVEV4TXpWYUZ3MHpOREV5TVRReE5URTJNelZhTUJVeApFekFSQmdOVkJBTVRDbXQxWW1WeWJtVjBaWE13Z2dFaU1BMEdDU3FHU0liM0RRRUJBUVVBQTRJQkR3QXdnZ0VLCkFvSUJBUUMrZld3UlZ2NVI4b1ZsVDg2Y2pqUTA1ZG5xZGdVM1NqeWM1ejlEN3IzeUQvL2lUSFBCRTNzZEdCUG4KSjM4VllUaW11NnlZUGxaOHluK3hIaHZEeWgzcHU1SGFVVlJVbW5XZDlyY0FNVkxIeTZwTDJjRDJhZ21FTFJkTQplSTMrLy8wTjhVc3AzdHRkQTJFcklhNFg0UVdPTnJQWHJVaS9hVmdoZXNLc0ExSjFabXl2V3R1ODlxNWEwVWU5Cm1YZUZNSzFUT2hsejNicWREYTRqbHhocWdMS0I0bGRGNzJFRUVmMFlvTmViSGNOMHhna2JyaWVuTHkrYlhMaEwKdjJJNnpHNVpsSXdJeEtMS01SRUF1czdBVjNqQ3Bndk9wT3hTeEduNFBBRTdKV1hrRG5vYUhsYlFmV3FkeldIbQp5TWMzL29iQXNFYW1EVCtxUG1GNFg1cDl0TWRMQWdNQkFBR2pXVEJYTUE0R0ExVWREd0VCL3dRRUF3SUNwREFQCkJnTlZIUk1CQWY4RUJUQURBUUgvTUIwR0ExVWREZ1FXQkJTdzNvY0NkMUc2SnFBSmRxakQ4R3NYSnNBNmNqQVYKQmdOVkhSRUVEakFNZ2dwcmRXSmxjbTVsZEdWek1BMEdDU3FHU0liM0RRRUJDd1VBQTRJQkFRQWpIVWJ3ZUNwWQp2TlNPcURjdTB6M3E3d3JQWjV6dnZHT2xtR0hMak9mNGNFeWpNc2hUbktIdTZpUHdLN1NPbjdrdmVkMTZyanNICi9HZWVPZERFeFpwbjI2TlhabXRvS3VrdHNDOGZjTnJWR29DQjlRQ2w5bHVKNjJZSlovcTZKdHVwcUdMUGVSUkYKcVZSU2dURE9JWVBoSHdWMW16R2JIblpmZk5tNGlYdDZSVDQ5TXVJd0hWOTBHSzhGaTEzcGRXMWJGS2hua0RwagpnSndtYXB5bStNWmp4UTJTcnV5WkU2MUpvZDU3SEU2UjJlZzBTTERrZWNob1J3SGVKUzZyRXZzTGNUQjc1R3NwCkdRV0NJY3d5RnV3TXc4Zk9XZ0ZHOGNaODVRVmxBUmN5Mkd4TGNmVGR3WUNDNXh2OGNBV0ZDNWt1MmdadUJTc2cKYWxkOGM3UVlvVzl5Ci0tLS0tRU5EIENFUlRJRklDQVRFLS0tLS0K"
              }
            ],
            "cluster_id": null,
            "created_at": "2024-12-16T15:11:16Z",
            "enabled_cluster_log_types": [],
            "encryption_config": [],
            "endpoint": "https://6C5E34BE5E01A44F3D8B89B7C53702A3.gr7.us-west-2.eks.amazonaws.com",
            "id": "my_eks_cluster",
            "identity": [
              {
                "oidc": [
                  {
                    "issuer": "https://oidc.eks.us-west-2.amazonaws.com/id/6C5E34BE5E01A44F3D8B89B7C53702A3"
                  }
                ]
              }
            ],
            "kubernetes_network_config": [
              {
                "ip_family": "ipv4",
                "service_ipv4_cidr": "172.20.0.0/16",
                "service_ipv6_cidr": ""
              }
            ],
            "name": "my_eks_cluster",
            "outpost_config": [],
            "platform_version": "eks.32",
            "role_arn": "arn:aws:iam::025066287072:role/MyEKSRole",
            "status": "ACTIVE",
            "tags": {},
            "tags_all": {},
            "timeouts": null,
            "upgrade_policy": [
              {
                "support_type": "EXTENDED"
              }
            ],
            "version": "1.27",
            "vpc_config": [
              {
                "cluster_security_group_id": "sg-0f0e26cf894bb9541",
                "endpoint_private_access": false,
                "endpoint_public_access": true,
                "public_access_cidrs": [
                  "0.0.0.0/0"
                ],
                "security_group_ids": [],
                "subnet_ids": [
                  "subnet-00d6cc03f933c557a",
                  "subnet-0688f5728f558dc98"
                ],
                "vpc_id": "vpc-0613a06765da9e83d"
              }
            ],
            "zonal_shift_config": []
          },
          "sensitive_attributes": [],
          "private": "eyJlMmJmYjczMC1lY2FhLTExZTYtOGY4OC0zNDM2M2JjN2M0YzAiOnsiY3JlYXRlIjoxODAwMDAwMDAwMDAwLCJkZWxldGUiOjkwMDAwMDAwMDAwMCwidXBkYXRlIjozNjAwMDAwMDAwMDAwfSwic2NoZW1hX3ZlcnNpb24iOiIxIn0="
        }
      ]
    },
    {
      "mode": "managed",
      "type": "aws_eks_node_group",
      "name": "eks_nodes",
      "provider": "provider[\"registry.terraform.io/hashicorp/aws\"]",
      "instances": []
    }
  ]
}
